
Microsoft Visual Studio Solution File, Format Version 12.00
# Visual Studio Version 17
VisualStudioVersion = 17.3.32901.215
MinimumVisualStudioVersion = 10.0.40219.1
Project("{FAE04EC0-301F-11D3-BF4B-00C04F79EFBC}") = "CSVData", "CSVData\CSVData.csproj", "{31D6473B-8069-4793-8336-EA0D052956B7}"
EndProject
Global
	GlobalSection(SolutionConfigurationPlatforms) = preSolution
		Debug|Any CPU = Debug|Any CPU
		Release|Any CPU = Release|Any CPU
	EndGlobalSection
	GlobalSection(ProjectConfigurationPlatforms) = postSolution
		{31D6473B-8069-4793-8336-EA0D052956B7}.Debug|Any CPU.ActiveCfg = Debug|Any CPU
		{31D6473B-8069-4793-8336-EA0D052956B7}.Debug|Any CPU.Build.0 = Debug|Any CPU
		{31D6473B-8069-4793-8336-EA0D052956B7}.Release|Any CPU.ActiveCfg = Release|Any CPU
		{31D6473B-8069-4793-8336-EA0D052956B7}.Release|Any CPU.Build.0 = Release|Any CPU
	EndGlobalSection
	GlobalSection(SolutionProperties) = preSolution
		HideSolutionNode = FALSE
	EndGlobalSection
	GlobalSection(ExtensibilityGlobals) = postSolution
		SolutionGuid = {D54663D2-C124-448F-83E5-F6665479BBCD}
	EndGlobalSection
EndGlobal
